
Microsoft Visual Studio Solution File, Format Version 12.00
# Visual Studio 15
VisualStudioVersion = 15.0.26124.0
MinimumVisualStudioVersion = 15.0.26124.0
Project("{2150E333-8FDC-42A3-9474-1A3956D46DE8}") = "src", "src", "{94E750EB-ECD6-4507-B600-86255BF679F5}"
EndProject
Project("{2150E333-8FDC-42A3-9474-1A3956D46DE8}") = "backend", "backend", "{175FD021-E715-4CF7-BB32-BF8C63DC82C5}"
EndProject
Project("{FAE04EC0-301F-11D3-BF4B-00C04F79EFBC}") = "MaoDeVaca.Api", "src\backend\MaoDeVaca.Api\MaoDeVaca.Api.csproj", "{01892025-DD11-4B29-BCD5-DE1CBF565994}"
EndProject
Global
	GlobalSection(SolutionConfigurationPlatforms) = preSolution
		Debug|Any CPU = Debug|Any CPU
		Debug|x64 = Debug|x64
		Debug|x86 = Debug|x86
		Release|Any CPU = Release|Any CPU
		Release|x64 = Release|x64
		Release|x86 = Release|x86
	EndGlobalSection
	GlobalSection(SolutionProperties) = preSolution
		HideSolutionNode = FALSE
	EndGlobalSection
	GlobalSection(ProjectConfigurationPlatforms) = postSolution
		{01892025-DD11-4B29-BCD5-DE1CBF565994}.Debug|Any CPU.ActiveCfg = Debug|Any CPU
		{01892025-DD11-4B29-BCD5-DE1CBF565994}.Debug|Any CPU.Build.0 = Debug|Any CPU
		{01892025-DD11-4B29-BCD5-DE1CBF565994}.Debug|x64.ActiveCfg = Debug|x64
		{01892025-DD11-4B29-BCD5-DE1CBF565994}.Debug|x64.Build.0 = Debug|x64
		{01892025-DD11-4B29-BCD5-DE1CBF565994}.Debug|x86.ActiveCfg = Debug|x86
		{01892025-DD11-4B29-BCD5-DE1CBF565994}.Debug|x86.Build.0 = Debug|x86
		{01892025-DD11-4B29-BCD5-DE1CBF565994}.Release|Any CPU.ActiveCfg = Release|Any CPU
		{01892025-DD11-4B29-BCD5-DE1CBF565994}.Release|Any CPU.Build.0 = Release|Any CPU
		{01892025-DD11-4B29-BCD5-DE1CBF565994}.Release|x64.ActiveCfg = Release|x64
		{01892025-DD11-4B29-BCD5-DE1CBF565994}.Release|x64.Build.0 = Release|x64
		{01892025-DD11-4B29-BCD5-DE1CBF565994}.Release|x86.ActiveCfg = Release|x86
		{01892025-DD11-4B29-BCD5-DE1CBF565994}.Release|x86.Build.0 = Release|x86
	EndGlobalSection
	GlobalSection(NestedProjects) = preSolution
		{175FD021-E715-4CF7-BB32-BF8C63DC82C5} = {94E750EB-ECD6-4507-B600-86255BF679F5}
		{01892025-DD11-4B29-BCD5-DE1CBF565994} = {175FD021-E715-4CF7-BB32-BF8C63DC82C5}
	EndGlobalSection
EndGlobal
