
Microsoft Visual Studio Solution File, Format Version 12.00
# Visual Studio 15
VisualStudioVersion = 15.0.26124.0
MinimumVisualStudioVersion = 15.0.26124.0
Project("{2150E333-8FDC-42A3-9474-1A3956D46DE8}") = "src", "src", "{ED9BFCF7-C718-439A-A8F4-1D609DC51AFD}"
EndProject
Project("{2150E333-8FDC-42A3-9474-1A3956D46DE8}") = "backend", "backend", "{BD06BB2A-6664-420B-A925-F338A3CCAC2F}"
EndProject
Project("{FAE04EC0-301F-11D3-BF4B-00C04F79EFBC}") = "MaoDeVaca.Api", "src\backend\MaoDeVaca.Api\MaoDeVaca.Api.csproj", "{ACD79BBB-2031-4438-B6A4-A6D50F69E6B2}"
EndProject
Project("{FAE04EC0-301F-11D3-BF4B-00C04F79EFBC}") = "MaoDeVaca.Domain", "src\backend\MaoDeVaca.Domain\MaoDeVaca.Domain.csproj", "{9D2EBB3D-4828-4F1D-ABA5-BB1CFBF73AFC}"
EndProject
Project("{FAE04EC0-301F-11D3-BF4B-00C04F79EFBC}") = "MaoDeVaca.Infra", "src\backend\MaoDeVaca.Infra\MaoDeVaca.Infra.csproj", "{DEA2CEBA-9D2D-4428-B8F8-3F96F3F88F0C}"
EndProject
Global
	GlobalSection(SolutionConfigurationPlatforms) = preSolution
		Debug|Any CPU = Debug|Any CPU
		Debug|x64 = Debug|x64
		Debug|x86 = Debug|x86
		Release|Any CPU = Release|Any CPU
		Release|x64 = Release|x64
		Release|x86 = Release|x86
	EndGlobalSection
	GlobalSection(SolutionProperties) = preSolution
		HideSolutionNode = FALSE
	EndGlobalSection
	GlobalSection(ProjectConfigurationPlatforms) = postSolution
		{ACD79BBB-2031-4438-B6A4-A6D50F69E6B2}.Debug|Any CPU.ActiveCfg = Debug|Any CPU
		{ACD79BBB-2031-4438-B6A4-A6D50F69E6B2}.Debug|Any CPU.Build.0 = Debug|Any CPU
		{ACD79BBB-2031-4438-B6A4-A6D50F69E6B2}.Debug|x64.ActiveCfg = Debug|Any CPU
		{ACD79BBB-2031-4438-B6A4-A6D50F69E6B2}.Debug|x64.Build.0 = Debug|Any CPU
		{ACD79BBB-2031-4438-B6A4-A6D50F69E6B2}.Debug|x86.ActiveCfg = Debug|Any CPU
		{ACD79BBB-2031-4438-B6A4-A6D50F69E6B2}.Debug|x86.Build.0 = Debug|Any CPU
		{ACD79BBB-2031-4438-B6A4-A6D50F69E6B2}.Release|Any CPU.ActiveCfg = Release|Any CPU
		{ACD79BBB-2031-4438-B6A4-A6D50F69E6B2}.Release|Any CPU.Build.0 = Release|Any CPU
		{ACD79BBB-2031-4438-B6A4-A6D50F69E6B2}.Release|x64.ActiveCfg = Release|Any CPU
		{ACD79BBB-2031-4438-B6A4-A6D50F69E6B2}.Release|x64.Build.0 = Release|Any CPU
		{ACD79BBB-2031-4438-B6A4-A6D50F69E6B2}.Release|x86.ActiveCfg = Release|Any CPU
		{ACD79BBB-2031-4438-B6A4-A6D50F69E6B2}.Release|x86.Build.0 = Release|Any CPU
		{9D2EBB3D-4828-4F1D-ABA5-BB1CFBF73AFC}.Debug|Any CPU.ActiveCfg = Debug|Any CPU
		{9D2EBB3D-4828-4F1D-ABA5-BB1CFBF73AFC}.Debug|Any CPU.Build.0 = Debug|Any CPU
		{9D2EBB3D-4828-4F1D-ABA5-BB1CFBF73AFC}.Debug|x64.ActiveCfg = Debug|Any CPU
		{9D2EBB3D-4828-4F1D-ABA5-BB1CFBF73AFC}.Debug|x64.Build.0 = Debug|Any CPU
		{9D2EBB3D-4828-4F1D-ABA5-BB1CFBF73AFC}.Debug|x86.ActiveCfg = Debug|Any CPU
		{9D2EBB3D-4828-4F1D-ABA5-BB1CFBF73AFC}.Debug|x86.Build.0 = Debug|Any CPU
		{9D2EBB3D-4828-4F1D-ABA5-BB1CFBF73AFC}.Release|Any CPU.ActiveCfg = Release|Any CPU
		{9D2EBB3D-4828-4F1D-ABA5-BB1CFBF73AFC}.Release|Any CPU.Build.0 = Release|Any CPU
		{9D2EBB3D-4828-4F1D-ABA5-BB1CFBF73AFC}.Release|x64.ActiveCfg = Release|Any CPU
		{9D2EBB3D-4828-4F1D-ABA5-BB1CFBF73AFC}.Release|x64.Build.0 = Release|Any CPU
		{9D2EBB3D-4828-4F1D-ABA5-BB1CFBF73AFC}.Release|x86.ActiveCfg = Release|Any CPU
		{9D2EBB3D-4828-4F1D-ABA5-BB1CFBF73AFC}.Release|x86.Build.0 = Release|Any CPU
		{DEA2CEBA-9D2D-4428-B8F8-3F96F3F88F0C}.Debug|Any CPU.ActiveCfg = Debug|Any CPU
		{DEA2CEBA-9D2D-4428-B8F8-3F96F3F88F0C}.Debug|Any CPU.Build.0 = Debug|Any CPU
		{DEA2CEBA-9D2D-4428-B8F8-3F96F3F88F0C}.Debug|x64.ActiveCfg = Debug|Any CPU
		{DEA2CEBA-9D2D-4428-B8F8-3F96F3F88F0C}.Debug|x64.Build.0 = Debug|Any CPU
		{DEA2CEBA-9D2D-4428-B8F8-3F96F3F88F0C}.Debug|x86.ActiveCfg = Debug|Any CPU
		{DEA2CEBA-9D2D-4428-B8F8-3F96F3F88F0C}.Debug|x86.Build.0 = Debug|Any CPU
		{DEA2CEBA-9D2D-4428-B8F8-3F96F3F88F0C}.Release|Any CPU.ActiveCfg = Release|Any CPU
		{DEA2CEBA-9D2D-4428-B8F8-3F96F3F88F0C}.Release|Any CPU.Build.0 = Release|Any CPU
		{DEA2CEBA-9D2D-4428-B8F8-3F96F3F88F0C}.Release|x64.ActiveCfg = Release|Any CPU
		{DEA2CEBA-9D2D-4428-B8F8-3F96F3F88F0C}.Release|x64.Build.0 = Release|Any CPU
		{DEA2CEBA-9D2D-4428-B8F8-3F96F3F88F0C}.Release|x86.ActiveCfg = Release|Any CPU
		{DEA2CEBA-9D2D-4428-B8F8-3F96F3F88F0C}.Release|x86.Build.0 = Release|Any CPU
	EndGlobalSection
	GlobalSection(NestedProjects) = preSolution
		{BD06BB2A-6664-420B-A925-F338A3CCAC2F} = {ED9BFCF7-C718-439A-A8F4-1D609DC51AFD}
		{ACD79BBB-2031-4438-B6A4-A6D50F69E6B2} = {BD06BB2A-6664-420B-A925-F338A3CCAC2F}
		{9D2EBB3D-4828-4F1D-ABA5-BB1CFBF73AFC} = {BD06BB2A-6664-420B-A925-F338A3CCAC2F}
		{DEA2CEBA-9D2D-4428-B8F8-3F96F3F88F0C} = {BD06BB2A-6664-420B-A925-F338A3CCAC2F}
	EndGlobalSection
EndGlobal
